// !$*UTF8*$!
{
	archiveVersion = 1;
	classes = {
	};
	objectVersion = 46;
	objects = {

/* Begin PBXBuildFile section */
		2DC05EAC164FABBB4AA2A234 /* Pods_RoxaTests.framework in Frameworks */ = {isa = PBXBuildFile; fileRef = D5FDE84AC124AA7CE5735FC2 /* Pods_RoxaTests.framework */; };
		85FD696B277CEEB27F33DCDA /* Pods_RoxaUITests.framework in Frameworks */ = {isa = PBXBuildFile; fileRef = CD685B02D695240918BBDB8A /* Pods_RoxaUITests.framework */; };
		C450346329E4E73C9DDDB420 /* Pods_Roxa.framework in Frameworks */ = {isa = PBXBuildFile; fileRef = 922D8D7D094D4BFB1BFF903D /* Pods_Roxa.framework */; };
		EA4905651F65F85B009544E7 /* LaunchScreenViewController.swift in Sources */ = {isa = PBXBuildFile; fileRef = EA4905641F65F85B009544E7 /* LaunchScreenViewController.swift */; };
		EA57DB3C1F61EFAA00F390E3 /* AppDelegate.swift in Sources */ = {isa = PBXBuildFile; fileRef = EA57DB3B1F61EFAA00F390E3 /* AppDelegate.swift */; };
		EA57DB3E1F61EFAA00F390E3 /* ViewController.swift in Sources */ = {isa = PBXBuildFile; fileRef = EA57DB3D1F61EFAA00F390E3 /* ViewController.swift */; };
		EA57DB411F61EFAA00F390E3 /* Main.storyboard in Resources */ = {isa = PBXBuildFile; fileRef = EA57DB3F1F61EFAA00F390E3 /* Main.storyboard */; };
		EA57DB431F61EFAA00F390E3 /* Assets.xcassets in Resources */ = {isa = PBXBuildFile; fileRef = EA57DB421F61EFAA00F390E3 /* Assets.xcassets */; };
		EA57DB461F61EFAA00F390E3 /* LaunchScreen.storyboard in Resources */ = {isa = PBXBuildFile; fileRef = EA57DB441F61EFAA00F390E3 /* LaunchScreen.storyboard */; };
		EA57DB511F61EFAA00F390E3 /* RoxaTests.swift in Sources */ = {isa = PBXBuildFile; fileRef = EA57DB501F61EFAA00F390E3 /* RoxaTests.swift */; };
		EA57DB5C1F61EFAA00F390E3 /* RoxaUITests.swift in Sources */ = {isa = PBXBuildFile; fileRef = EA57DB5B1F61EFAA00F390E3 /* RoxaUITests.swift */; };
		EA57DB6B1F61FDFD00F390E3 /* Raleway-Regular.otf in Resources */ = {isa = PBXBuildFile; fileRef = EA57DB6A1F61FDFD00F390E3 /* Raleway-Regular.otf */; };
		EA57DB6D1F61FE1700F390E3 /* logo.png in Resources */ = {isa = PBXBuildFile; fileRef = EA57DB6C1F61FE1700F390E3 /* logo.png */; };
		EA57DB711F61FEAA00F390E3 /* backdrop.jpg in Resources */ = {isa = PBXBuildFile; fileRef = EA57DB6F1F61FEAA00F390E3 /* backdrop.jpg */; };
		EA57DB721F61FEAA00F390E3 /* stars.jpg in Resources */ = {isa = PBXBuildFile; fileRef = EA57DB701F61FEAA00F390E3 /* stars.jpg */; };
		EA57DB741F61FF6A00F390E3 /* RoxaGradient.png in Resources */ = {isa = PBXBuildFile; fileRef = EA57DB731F61FF6A00F390E3 /* RoxaGradient.png */; };
		EA57DB761F61FF9000F390E3 /* RoxaLogoClear.png in Resources */ = {isa = PBXBuildFile; fileRef = EA57DB751F61FF9000F390E3 /* RoxaLogoClear.png */; };
		EAA077F91F65F0A800DD1C8A /* NetworkReachability.swift in Sources */ = {isa = PBXBuildFile; fileRef = EAA077F81F65F0A800DD1C8A /* NetworkReachability.swift */; };
		EAAA88351F7D9EDF001FFBBF /* SliderDrawerViewController.swift in Sources */ = {isa = PBXBuildFile; fileRef = EAAA88341F7D9EDF001FFBBF /* SliderDrawerViewController.swift */; };
		EAEFF5EA1F871A66007101E3 /* WebViewController.swift in Sources */ = {isa = PBXBuildFile; fileRef = EAEFF5E91F871A66007101E3 /* WebViewController.swift */; };
/* End PBXBuildFile section */

/* Begin PBXContainerItemProxy section */
		EA57DB4D1F61EFAA00F390E3 /* PBXContainerItemProxy */ = {
			isa = PBXContainerItemProxy;
			containerPortal = EA57DB301F61EFAA00F390E3 /* Project object */;
			proxyType = 1;
			remoteGlobalIDString = EA57DB371F61EFAA00F390E3;
			remoteInfo = Roxa;
		};
		EA57DB581F61EFAA00F390E3 /* PBXContainerItemProxy */ = {
			isa = PBXContainerItemProxy;
			containerPortal = EA57DB301F61EFAA00F390E3 /* Project object */;
			proxyType = 1;
			remoteGlobalIDString = EA57DB371F61EFAA00F390E3;
			remoteInfo = Roxa;
		};
/* End PBXContainerItemProxy section */

/* Begin PBXFileReference section */
		12029604676CFD49F439044E /* Pods-RoxaUITests.debug.xcconfig */ = {isa = PBXFileReference; includeInIndex = 1; lastKnownFileType = text.xcconfig; name = "Pods-RoxaUITests.debug.xcconfig"; path = "Pods/Target Support Files/Pods-RoxaUITests/Pods-RoxaUITests.debug.xcconfig"; sourceTree = "<group>"; };
		1C5CB3026E3BE436B1F96275 /* Pods-RoxaTests.debug.xcconfig */ = {isa = PBXFileReference; includeInIndex = 1; lastKnownFileType = text.xcconfig; name = "Pods-RoxaTests.debug.xcconfig"; path = "Pods/Target Support Files/Pods-RoxaTests/Pods-RoxaTests.debug.xcconfig"; sourceTree = "<group>"; };
		6624D2E042B147D8F358917A /* Pods-Roxa.release.xcconfig */ = {isa = PBXFileReference; includeInIndex = 1; lastKnownFileType = text.xcconfig; name = "Pods-Roxa.release.xcconfig"; path = "Pods/Target Support Files/Pods-Roxa/Pods-Roxa.release.xcconfig"; sourceTree = "<group>"; };
		922D8D7D094D4BFB1BFF903D /* Pods_Roxa.framework */ = {isa = PBXFileReference; explicitFileType = wrapper.framework; includeInIndex = 0; path = Pods_Roxa.framework; sourceTree = BUILT_PRODUCTS_DIR; };
		A7A41DE4B0117360D9CAE683 /* Pods-RoxaTests.release.xcconfig */ = {isa = PBXFileReference; includeInIndex = 1; lastKnownFileType = text.xcconfig; name = "Pods-RoxaTests.release.xcconfig"; path = "Pods/Target Support Files/Pods-RoxaTests/Pods-RoxaTests.release.xcconfig"; sourceTree = "<group>"; };
		C02E0FBB103E85F27BDF4110 /* Pods-RoxaUITests.release.xcconfig */ = {isa = PBXFileReference; includeInIndex = 1; lastKnownFileType = text.xcconfig; name = "Pods-RoxaUITests.release.xcconfig"; path = "Pods/Target Support Files/Pods-RoxaUITests/Pods-RoxaUITests.release.xcconfig"; sourceTree = "<group>"; };
		CD685B02D695240918BBDB8A /* Pods_RoxaUITests.framework */ = {isa = PBXFileReference; explicitFileType = wrapper.framework; includeInIndex = 0; path = Pods_RoxaUITests.framework; sourceTree = BUILT_PRODUCTS_DIR; };
		D5FDE84AC124AA7CE5735FC2 /* Pods_RoxaTests.framework */ = {isa = PBXFileReference; explicitFileType = wrapper.framework; includeInIndex = 0; path = Pods_RoxaTests.framework; sourceTree = BUILT_PRODUCTS_DIR; };
		DAC832FDA4AA48308455B064 /* Pods-Roxa.debug.xcconfig */ = {isa = PBXFileReference; includeInIndex = 1; lastKnownFileType = text.xcconfig; name = "Pods-Roxa.debug.xcconfig"; path = "Pods/Target Support Files/Pods-Roxa/Pods-Roxa.debug.xcconfig"; sourceTree = "<group>"; };
		EA4905641F65F85B009544E7 /* LaunchScreenViewController.swift */ = {isa = PBXFileReference; lastKnownFileType = sourcecode.swift; path = LaunchScreenViewController.swift; sourceTree = "<group>"; };
		EA57DB381F61EFAA00F390E3 /* Roxa.app */ = {isa = PBXFileReference; explicitFileType = wrapper.application; includeInIndex = 0; path = Roxa.app; sourceTree = BUILT_PRODUCTS_DIR; };
		EA57DB3B1F61EFAA00F390E3 /* AppDelegate.swift */ = {isa = PBXFileReference; lastKnownFileType = sourcecode.swift; path = AppDelegate.swift; sourceTree = "<group>"; };
		EA57DB3D1F61EFAA00F390E3 /* ViewController.swift */ = {isa = PBXFileReference; lastKnownFileType = sourcecode.swift; path = ViewController.swift; sourceTree = "<group>"; };
		EA57DB401F61EFAA00F390E3 /* Base */ = {isa = PBXFileReference; lastKnownFileType = file.storyboard; name = Base; path = Base.lproj/Main.storyboard; sourceTree = "<group>"; };
		EA57DB421F61EFAA00F390E3 /* Assets.xcassets */ = {isa = PBXFileReference; lastKnownFileType = folder.assetcatalog; path = Assets.xcassets; sourceTree = "<group>"; };
		EA57DB451F61EFAA00F390E3 /* Base */ = {isa = PBXFileReference; lastKnownFileType = file.storyboard; name = Base; path = Base.lproj/LaunchScreen.storyboard; sourceTree = "<group>"; };
		EA57DB471F61EFAA00F390E3 /* Info.plist */ = {isa = PBXFileReference; lastKnownFileType = text.plist.xml; path = Info.plist; sourceTree = "<group>"; };
		EA57DB4C1F61EFAA00F390E3 /* RoxaTests.xctest */ = {isa = PBXFileReference; explicitFileType = wrapper.cfbundle; includeInIndex = 0; path = RoxaTests.xctest; sourceTree = BUILT_PRODUCTS_DIR; };
		EA57DB501F61EFAA00F390E3 /* RoxaTests.swift */ = {isa = PBXFileReference; lastKnownFileType = sourcecode.swift; path = RoxaTests.swift; sourceTree = "<group>"; };
		EA57DB521F61EFAA00F390E3 /* Info.plist */ = {isa = PBXFileReference; lastKnownFileType = text.plist.xml; path = Info.plist; sourceTree = "<group>"; };
		EA57DB571F61EFAA00F390E3 /* RoxaUITests.xctest */ = {isa = PBXFileReference; explicitFileType = wrapper.cfbundle; includeInIndex = 0; path = RoxaUITests.xctest; sourceTree = BUILT_PRODUCTS_DIR; };
		EA57DB5B1F61EFAA00F390E3 /* RoxaUITests.swift */ = {isa = PBXFileReference; lastKnownFileType = sourcecode.swift; path = RoxaUITests.swift; sourceTree = "<group>"; };
		EA57DB5D1F61EFAA00F390E3 /* Info.plist */ = {isa = PBXFileReference; lastKnownFileType = text.plist.xml; path = Info.plist; sourceTree = "<group>"; };
		EA57DB6A1F61FDFD00F390E3 /* Raleway-Regular.otf */ = {isa = PBXFileReference; lastKnownFileType = file; path = "Raleway-Regular.otf"; sourceTree = "<group>"; };
		EA57DB6C1F61FE1700F390E3 /* logo.png */ = {isa = PBXFileReference; lastKnownFileType = image.png; path = logo.png; sourceTree = "<group>"; };
		EA57DB6F1F61FEAA00F390E3 /* backdrop.jpg */ = {isa = PBXFileReference; lastKnownFileType = image.jpeg; path = backdrop.jpg; sourceTree = "<group>"; };
		EA57DB701F61FEAA00F390E3 /* stars.jpg */ = {isa = PBXFileReference; lastKnownFileType = image.jpeg; path = stars.jpg; sourceTree = "<group>"; };
		EA57DB731F61FF6A00F390E3 /* RoxaGradient.png */ = {isa = PBXFileReference; lastKnownFileType = image.png; path = RoxaGradient.png; sourceTree = "<group>"; };
		EA57DB751F61FF9000F390E3 /* RoxaLogoClear.png */ = {isa = PBXFileReference; lastKnownFileType = image.png; path = RoxaLogoClear.png; sourceTree = "<group>"; };
		EAA077F81F65F0A800DD1C8A /* NetworkReachability.swift */ = {isa = PBXFileReference; lastKnownFileType = sourcecode.swift; path = NetworkReachability.swift; sourceTree = "<group>"; };
		EAAA88341F7D9EDF001FFBBF /* SliderDrawerViewController.swift */ = {isa = PBXFileReference; lastKnownFileType = sourcecode.swift; path = SliderDrawerViewController.swift; sourceTree = "<group>"; };
		EAEFF5E91F871A66007101E3 /* WebViewController.swift */ = {isa = PBXFileReference; lastKnownFileType = sourcecode.swift; path = WebViewController.swift; sourceTree = "<group>"; };
/* End PBXFileReference section */

/* Begin PBXFrameworksBuildPhase section */
		EA57DB351F61EFAA00F390E3 /* Frameworks */ = {
			isa = PBXFrameworksBuildPhase;
			buildActionMask = 2147483647;
			files = (
				C450346329E4E73C9DDDB420 /* Pods_Roxa.framework in Frameworks */,
			);
			runOnlyForDeploymentPostprocessing = 0;
		};
		EA57DB491F61EFAA00F390E3 /* Frameworks */ = {
			isa = PBXFrameworksBuildPhase;
			buildActionMask = 2147483647;
			files = (
				2DC05EAC164FABBB4AA2A234 /* Pods_RoxaTests.framework in Frameworks */,
			);
			runOnlyForDeploymentPostprocessing = 0;
		};
		EA57DB541F61EFAA00F390E3 /* Frameworks */ = {
			isa = PBXFrameworksBuildPhase;
			buildActionMask = 2147483647;
			files = (
				85FD696B277CEEB27F33DCDA /* Pods_RoxaUITests.framework in Frameworks */,
			);
			runOnlyForDeploymentPostprocessing = 0;
		};
/* End PBXFrameworksBuildPhase section */

/* Begin PBXGroup section */
		6DB26500DDC939179FDEAF7E /* Pods */ = {
			isa = PBXGroup;
			children = (
				DAC832FDA4AA48308455B064 /* Pods-Roxa.debug.xcconfig */,
				6624D2E042B147D8F358917A /* Pods-Roxa.release.xcconfig */,
				1C5CB3026E3BE436B1F96275 /* Pods-RoxaTests.debug.xcconfig */,
				A7A41DE4B0117360D9CAE683 /* Pods-RoxaTests.release.xcconfig */,
				12029604676CFD49F439044E /* Pods-RoxaUITests.debug.xcconfig */,
				C02E0FBB103E85F27BDF4110 /* Pods-RoxaUITests.release.xcconfig */,
			);
			name = Pods;
			sourceTree = "<group>";
		};
		AF6862D93228A333A865B8E3 /* Frameworks */ = {
			isa = PBXGroup;
			children = (
				922D8D7D094D4BFB1BFF903D /* Pods_Roxa.framework */,
				D5FDE84AC124AA7CE5735FC2 /* Pods_RoxaTests.framework */,
				CD685B02D695240918BBDB8A /* Pods_RoxaUITests.framework */,
			);
			name = Frameworks;
			sourceTree = "<group>";
		};
		EA57DB2F1F61EFAA00F390E3 = {
			isa = PBXGroup;
			children = (
				EA57DB3A1F61EFAA00F390E3 /* Roxa */,
				EA57DB4F1F61EFAA00F390E3 /* RoxaTests */,
				EA57DB5A1F61EFAA00F390E3 /* RoxaUITests */,
				EA57DB391F61EFAA00F390E3 /* Products */,
				6DB26500DDC939179FDEAF7E /* Pods */,
				AF6862D93228A333A865B8E3 /* Frameworks */,
			);
			sourceTree = "<group>";
		};
		EA57DB391F61EFAA00F390E3 /* Products */ = {
			isa = PBXGroup;
			children = (
				EA57DB381F61EFAA00F390E3 /* Roxa.app */,
				EA57DB4C1F61EFAA00F390E3 /* RoxaTests.xctest */,
				EA57DB571F61EFAA00F390E3 /* RoxaUITests.xctest */,
			);
			name = Products;
			sourceTree = "<group>";
		};
		EA57DB3A1F61EFAA00F390E3 /* Roxa */ = {
			isa = PBXGroup;
			children = (
				EA57DB3B1F61EFAA00F390E3 /* AppDelegate.swift */,
				EA4905641F65F85B009544E7 /* LaunchScreenViewController.swift */,
				EAA077F81F65F0A800DD1C8A /* NetworkReachability.swift */,
				EA57DB3F1F61EFAA00F390E3 /* Main.storyboard */,
				EA57DB3D1F61EFAA00F390E3 /* ViewController.swift */,
				EAEFF5E91F871A66007101E3 /* WebViewController.swift */,
				EAAA88341F7D9EDF001FFBBF /* SliderDrawerViewController.swift */,
				EA57DB441F61EFAA00F390E3 /* LaunchScreen.storyboard */,
				EA57DB421F61EFAA00F390E3 /* Assets.xcassets */,
				EA57DB6E1F61FE1B00F390E3 /* Images */,
				EA57DB691F61FDE000F390E3 /* Fonts */,
				EA57DB471F61EFAA00F390E3 /* Info.plist */,
			);
			path = Roxa;
			sourceTree = "<group>";
		};
		EA57DB4F1F61EFAA00F390E3 /* RoxaTests */ = {
			isa = PBXGroup;
			children = (
				EA57DB501F61EFAA00F390E3 /* RoxaTests.swift */,
				EA57DB521F61EFAA00F390E3 /* Info.plist */,
			);
			path = RoxaTests;
			sourceTree = "<group>";
		};
		EA57DB5A1F61EFAA00F390E3 /* RoxaUITests */ = {
			isa = PBXGroup;
			children = (
				EA57DB5B1F61EFAA00F390E3 /* RoxaUITests.swift */,
				EA57DB5D1F61EFAA00F390E3 /* Info.plist */,
			);
			path = RoxaUITests;
			sourceTree = "<group>";
		};
		EA57DB691F61FDE000F390E3 /* Fonts */ = {
			isa = PBXGroup;
			children = (
				EA57DB6A1F61FDFD00F390E3 /* Raleway-Regular.otf */,
			);
			name = Fonts;
			sourceTree = "<group>";
		};
		EA57DB6E1F61FE1B00F390E3 /* Images */ = {
			isa = PBXGroup;
			children = (
				EA57DB6C1F61FE1700F390E3 /* logo.png */,
				EA57DB751F61FF9000F390E3 /* RoxaLogoClear.png */,
				EA57DB731F61FF6A00F390E3 /* RoxaGradient.png */,
				EA57DB6F1F61FEAA00F390E3 /* backdrop.jpg */,
				EA57DB701F61FEAA00F390E3 /* stars.jpg */,
			);
			name = Images;
			sourceTree = "<group>";
		};
/* End PBXGroup section */

/* Begin PBXNativeTarget section */
		EA57DB371F61EFAA00F390E3 /* Roxa */ = {
			isa = PBXNativeTarget;
			buildConfigurationList = EA57DB601F61EFAA00F390E3 /* Build configuration list for PBXNativeTarget "Roxa" */;
			buildPhases = (
				4D9C0CA55B1F3C82107DB40A /* [CP] Check Pods Manifest.lock */,
				EA57DB341F61EFAA00F390E3 /* Sources */,
				EA57DB351F61EFAA00F390E3 /* Frameworks */,
				EA57DB361F61EFAA00F390E3 /* Resources */,
				F932E99F58EDFA1AC0C41ACF /* [CP] Embed Pods Frameworks */,
				575DD76E43792D4772B36252 /* [CP] Copy Pods Resources */,
			);
			buildRules = (
			);
			dependencies = (
			);
			name = Roxa;
			productName = Roxa;
			productReference = EA57DB381F61EFAA00F390E3 /* Roxa.app */;
			productType = "com.apple.product-type.application";
		};
		EA57DB4B1F61EFAA00F390E3 /* RoxaTests */ = {
			isa = PBXNativeTarget;
			buildConfigurationList = EA57DB631F61EFAA00F390E3 /* Build configuration list for PBXNativeTarget "RoxaTests" */;
			buildPhases = (
				E70394478264337F4282A754 /* [CP] Check Pods Manifest.lock */,
				EA57DB481F61EFAA00F390E3 /* Sources */,
				EA57DB491F61EFAA00F390E3 /* Frameworks */,
				EA57DB4A1F61EFAA00F390E3 /* Resources */,
				D6C17E8C49225B24C72E69BD /* [CP] Embed Pods Frameworks */,
				12DDC336EB3A9BF40C1BCC21 /* [CP] Copy Pods Resources */,
			);
			buildRules = (
			);
			dependencies = (
				EA57DB4E1F61EFAA00F390E3 /* PBXTargetDependency */,
			);
			name = RoxaTests;
			productName = RoxaTests;
			productReference = EA57DB4C1F61EFAA00F390E3 /* RoxaTests.xctest */;
			productType = "com.apple.product-type.bundle.unit-test";
		};
		EA57DB561F61EFAA00F390E3 /* RoxaUITests */ = {
			isa = PBXNativeTarget;
			buildConfigurationList = EA57DB661F61EFAA00F390E3 /* Build configuration list for PBXNativeTarget "RoxaUITests" */;
			buildPhases = (
				DF542BEAEE7C76051974200F /* [CP] Check Pods Manifest.lock */,
				EA57DB531F61EFAA00F390E3 /* Sources */,
				EA57DB541F61EFAA00F390E3 /* Frameworks */,
				EA57DB551F61EFAA00F390E3 /* Resources */,
				77C74400EACCD805E9D75CB4 /* [CP] Embed Pods Frameworks */,
				7A1BA4AB5578F12DC67750A1 /* [CP] Copy Pods Resources */,
			);
			buildRules = (
			);
			dependencies = (
				EA57DB591F61EFAA00F390E3 /* PBXTargetDependency */,
			);
			name = RoxaUITests;
			productName = RoxaUITests;
			productReference = EA57DB571F61EFAA00F390E3 /* RoxaUITests.xctest */;
			productType = "com.apple.product-type.bundle.ui-testing";
		};
/* End PBXNativeTarget section */

/* Begin PBXProject section */
		EA57DB301F61EFAA00F390E3 /* Project object */ = {
			isa = PBXProject;
			attributes = {
				LastSwiftUpdateCheck = 0820;
				LastUpgradeCheck = 0820;
				ORGANIZATIONNAME = "Jaxon Stevens";
				TargetAttributes = {
					EA57DB371F61EFAA00F390E3 = {
						CreatedOnToolsVersion = 8.2.1;
						DevelopmentTeam = 45J9WDN6PB;
						ProvisioningStyle = Automatic;
					};
					EA57DB4B1F61EFAA00F390E3 = {
						CreatedOnToolsVersion = 8.2.1;
						DevelopmentTeam = 45J9WDN6PB;
						ProvisioningStyle = Automatic;
						TestTargetID = EA57DB371F61EFAA00F390E3;
					};
					EA57DB561F61EFAA00F390E3 = {
						CreatedOnToolsVersion = 8.2.1;
						DevelopmentTeam = 45J9WDN6PB;
						ProvisioningStyle = Automatic;
						TestTargetID = EA57DB371F61EFAA00F390E3;
					};
				};
			};
			buildConfigurationList = EA57DB331F61EFAA00F390E3 /* Build configuration list for PBXProject "Roxa" */;
			compatibilityVersion = "Xcode 3.2";
			developmentRegion = English;
			hasScannedForEncodings = 0;
			knownRegions = (
				en,
				Base,
			);
			mainGroup = EA57DB2F1F61EFAA00F390E3;
			productRefGroup = EA57DB391F61EFAA00F390E3 /* Products */;
			projectDirPath = "";
			projectRoot = "";
			targets = (
				EA57DB371F61EFAA00F390E3 /* Roxa */,
				EA57DB4B1F61EFAA00F390E3 /* RoxaTests */,
				EA57DB561F61EFAA00F390E3 /* RoxaUITests */,
			);
		};
/* End PBXProject section */

/* Begin PBXResourcesBuildPhase section */
		EA57DB361F61EFAA00F390E3 /* Resources */ = {
			isa = PBXResourcesBuildPhase;
			buildActionMask = 2147483647;
			files = (
				EA57DB461F61EFAA00F390E3 /* LaunchScreen.storyboard in Resources */,
				EA57DB6D1F61FE1700F390E3 /* logo.png in Resources */,
				EA57DB721F61FEAA00F390E3 /* stars.jpg in Resources */,
				EA57DB741F61FF6A00F390E3 /* RoxaGradient.png in Resources */,
				EA57DB431F61EFAA00F390E3 /* Assets.xcassets in Resources */,
				EA57DB6B1F61FDFD00F390E3 /* Raleway-Regular.otf in Resources */,
				EA57DB411F61EFAA00F390E3 /* Main.storyboard in Resources */,
				EA57DB711F61FEAA00F390E3 /* backdrop.jpg in Resources */,
				EA57DB761F61FF9000F390E3 /* RoxaLogoClear.png in Resources */,
			);
			runOnlyForDeploymentPostprocessing = 0;
		};
		EA57DB4A1F61EFAA00F390E3 /* Resources */ = {
			isa = PBXResourcesBuildPhase;
			buildActionMask = 2147483647;
			files = (
			);
			runOnlyForDeploymentPostprocessing = 0;
		};
		EA57DB551F61EFAA00F390E3 /* Resources */ = {
			isa = PBXResourcesBuildPhase;
			buildActionMask = 2147483647;
			files = (
			);
			runOnlyForDeploymentPostprocessing = 0;
		};
/* End PBXResourcesBuildPhase section */

/* Begin PBXShellScriptBuildPhase section */
		12DDC336EB3A9BF40C1BCC21 /* [CP] Copy Pods Resources */ = {
			isa = PBXShellScriptBuildPhase;
			buildActionMask = 2147483647;
			files = (
			);
			inputPaths = (
			);
			name = "[CP] Copy Pods Resources";
			outputPaths = (
			);
			runOnlyForDeploymentPostprocessing = 0;
			shellPath = /bin/sh;
			shellScript = "\"${SRCROOT}/Pods/Target Support Files/Pods-RoxaTests/Pods-RoxaTests-resources.sh\"\n";
			showEnvVarsInLog = 0;
		};
		4D9C0CA55B1F3C82107DB40A /* [CP] Check Pods Manifest.lock */ = {
			isa = PBXShellScriptBuildPhase;
			buildActionMask = 2147483647;
			files = (
			);
			inputPaths = (
				"${PODS_PODFILE_DIR_PATH}/Podfile.lock",
				"${PODS_ROOT}/Manifest.lock",
			);
			name = "[CP] Check Pods Manifest.lock";
			outputPaths = (
				"$(DERIVED_FILE_DIR)/Pods-Roxa-checkManifestLockResult.txt",
			);
			runOnlyForDeploymentPostprocessing = 0;
			shellPath = /bin/sh;
			shellScript = "diff \"${PODS_PODFILE_DIR_PATH}/Podfile.lock\" \"${PODS_ROOT}/Manifest.lock\" > /dev/null\nif [ $? != 0 ] ; then\n    # print error to STDERR\n    echo \"error: The sandbox is not in sync with the Podfile.lock. Run 'pod install' or update your CocoaPods installation.\" >&2\n    exit 1\nfi\n# This output is used by Xcode 'outputs' to avoid re-running this script phase.\necho \"SUCCESS\" > \"${SCRIPT_OUTPUT_FILE_0}\"\n";
			showEnvVarsInLog = 0;
		};
		575DD76E43792D4772B36252 /* [CP] Copy Pods Resources */ = {
			isa = PBXShellScriptBuildPhase;
			buildActionMask = 2147483647;
			files = (
			);
			inputPaths = (
			);
			name = "[CP] Copy Pods Resources";
			outputPaths = (
			);
			runOnlyForDeploymentPostprocessing = 0;
			shellPath = /bin/sh;
			shellScript = "\"${SRCROOT}/Pods/Target Support Files/Pods-Roxa/Pods-Roxa-resources.sh\"\n";
			showEnvVarsInLog = 0;
		};
		77C74400EACCD805E9D75CB4 /* [CP] Embed Pods Frameworks */ = {
			isa = PBXShellScriptBuildPhase;
			buildActionMask = 2147483647;
			files = (
			);
			inputPaths = (
			);
			name = "[CP] Embed Pods Frameworks";
			outputPaths = (
			);
			runOnlyForDeploymentPostprocessing = 0;
			shellPath = /bin/sh;
			shellScript = "\"${SRCROOT}/Pods/Target Support Files/Pods-RoxaUITests/Pods-RoxaUITests-frameworks.sh\"\n";
			showEnvVarsInLog = 0;
		};
		7A1BA4AB5578F12DC67750A1 /* [CP] Copy Pods Resources */ = {
			isa = PBXShellScriptBuildPhase;
			buildActionMask = 2147483647;
			files = (
			);
			inputPaths = (
			);
			name = "[CP] Copy Pods Resources";
			outputPaths = (
			);
			runOnlyForDeploymentPostprocessing = 0;
			shellPath = /bin/sh;
			shellScript = "\"${SRCROOT}/Pods/Target Support Files/Pods-RoxaUITests/Pods-RoxaUITests-resources.sh\"\n";
			showEnvVarsInLog = 0;
		};
		D6C17E8C49225B24C72E69BD /* [CP] Embed Pods Frameworks */ = {
			isa = PBXShellScriptBuildPhase;
			buildActionMask = 2147483647;
			files = (
			);
			inputPaths = (
			);
			name = "[CP] Embed Pods Frameworks";
			outputPaths = (
			);
			runOnlyForDeploymentPostprocessing = 0;
			shellPath = /bin/sh;
			shellScript = "\"${SRCROOT}/Pods/Target Support Files/Pods-RoxaTests/Pods-RoxaTests-frameworks.sh\"\n";
			showEnvVarsInLog = 0;
		};
		DF542BEAEE7C76051974200F /* [CP] Check Pods Manifest.lock */ = {
			isa = PBXShellScriptBuildPhase;
			buildActionMask = 2147483647;
			files = (
			);
			inputPaths = (
				"${PODS_PODFILE_DIR_PATH}/Podfile.lock",
				"${PODS_ROOT}/Manifest.lock",
			);
			name = "[CP] Check Pods Manifest.lock";
			outputPaths = (
				"$(DERIVED_FILE_DIR)/Pods-RoxaUITests-checkManifestLockResult.txt",
			);
			runOnlyForDeploymentPostprocessing = 0;
			shellPath = /bin/sh;
			shellScript = "diff \"${PODS_PODFILE_DIR_PATH}/Podfile.lock\" \"${PODS_ROOT}/Manifest.lock\" > /dev/null\nif [ $? != 0 ] ; then\n    # print error to STDERR\n    echo \"error: The sandbox is not in sync with the Podfile.lock. Run 'pod install' or update your CocoaPods installation.\" >&2\n    exit 1\nfi\n# This output is used by Xcode 'outputs' to avoid re-running this script phase.\necho \"SUCCESS\" > \"${SCRIPT_OUTPUT_FILE_0}\"\n";
			showEnvVarsInLog = 0;
		};
		E70394478264337F4282A754 /* [CP] Check Pods Manifest.lock */ = {
			isa = PBXShellScriptBuildPhase;
			buildActionMask = 2147483647;
			files = (
			);
			inputPaths = (
				"${PODS_PODFILE_DIR_PATH}/Podfile.lock",
				"${PODS_ROOT}/Manifest.lock",
			);
			name = "[CP] Check Pods Manifest.lock";
			outputPaths = (
				"$(DERIVED_FILE_DIR)/Pods-RoxaTests-checkManifestLockResult.txt",
			);
			runOnlyForDeploymentPostprocessing = 0;
			shellPath = /bin/sh;
			shellScript = "diff \"${PODS_PODFILE_DIR_PATH}/Podfile.lock\" \"${PODS_ROOT}/Manifest.lock\" > /dev/null\nif [ $? != 0 ] ; then\n    # print error to STDERR\n    echo \"error: The sandbox is not in sync with the Podfile.lock. Run 'pod install' or update your CocoaPods installation.\" >&2\n    exit 1\nfi\n# This output is used by Xcode 'outputs' to avoid re-running this script phase.\necho \"SUCCESS\" > \"${SCRIPT_OUTPUT_FILE_0}\"\n";
			showEnvVarsInLog = 0;
		};
		F932E99F58EDFA1AC0C41ACF /* [CP] Embed Pods Frameworks */ = {
			isa = PBXShellScriptBuildPhase;
			buildActionMask = 2147483647;
			files = (
			);
			inputPaths = (
				"${SRCROOT}/Pods/Target Support Files/Pods-Roxa/Pods-Roxa-frameworks.sh",
				"${BUILT_PRODUCTS_DIR}/JSSAlertView/JSSAlertView.framework",
			);
			name = "[CP] Embed Pods Frameworks";
			outputPaths = (
				"${TARGET_BUILD_DIR}/${FRAMEWORKS_FOLDER_PATH}/JSSAlertView.framework",
			);
			runOnlyForDeploymentPostprocessing = 0;
			shellPath = /bin/sh;
			shellScript = "\"${SRCROOT}/Pods/Target Support Files/Pods-Roxa/Pods-Roxa-frameworks.sh\"\n";
			showEnvVarsInLog = 0;
		};
/* End PBXShellScriptBuildPhase section */

/* Begin PBXSourcesBuildPhase section */
		EA57DB341F61EFAA00F390E3 /* Sources */ = {
			isa = PBXSourcesBuildPhase;
			buildActionMask = 2147483647;
			files = (
				EA57DB3E1F61EFAA00F390E3 /* ViewController.swift in Sources */,
				EAEFF5EA1F871A66007101E3 /* WebViewController.swift in Sources */,
				EA57DB3C1F61EFAA00F390E3 /* AppDelegate.swift in Sources */,
				EA4905651F65F85B009544E7 /* LaunchScreenViewController.swift in Sources */,
				EAA077F91F65F0A800DD1C8A /* NetworkReachability.swift in Sources */,
				EAAA88351F7D9EDF001FFBBF /* SliderDrawerViewController.swift in Sources */,
			);
			runOnlyForDeploymentPostprocessing = 0;
		};
		EA57DB481F61EFAA00F390E3 /* Sources */ = {
			isa = PBXSourcesBuildPhase;
			buildActionMask = 2147483647;
			files = (
				EA57DB511F61EFAA00F390E3 /* RoxaTests.swift in Sources */,
			);
			runOnlyForDeploymentPostprocessing = 0;
		};
		EA57DB531F61EFAA00F390E3 /* Sources */ = {
			isa = PBXSourcesBuildPhase;
			buildActionMask = 2147483647;
			files = (
				EA57DB5C1F61EFAA00F390E3 /* RoxaUITests.swift in Sources */,
			);
			runOnlyForDeploymentPostprocessing = 0;
		};
/* End PBXSourcesBuildPhase section */

/* Begin PBXTargetDependency section */
		EA57DB4E1F61EFAA00F390E3 /* PBXTargetDependency */ = {
			isa = PBXTargetDependency;
			target = EA57DB371F61EFAA00F390E3 /* Roxa */;
			targetProxy = EA57DB4D1F61EFAA00F390E3 /* PBXContainerItemProxy */;
		};
		EA57DB591F61EFAA00F390E3 /* PBXTargetDependency */ = {
			isa = PBXTargetDependency;
			target = EA57DB371F61EFAA00F390E3 /* Roxa */;
			targetProxy = EA57DB581F61EFAA00F390E3 /* PBXContainerItemProxy */;
		};
/* End PBXTargetDependency section */

/* Begin PBXVariantGroup section */
		EA57DB3F1F61EFAA00F390E3 /* Main.storyboard */ = {
			isa = PBXVariantGroup;
			children = (
				EA57DB401F61EFAA00F390E3 /* Base */,
			);
			name = Main.storyboard;
			sourceTree = "<group>";
		};
		EA57DB441F61EFAA00F390E3 /* LaunchScreen.storyboard */ = {
			isa = PBXVariantGroup;
			children = (
				EA57DB451F61EFAA00F390E3 /* Base */,
			);
			name = LaunchScreen.storyboard;
			sourceTree = "<group>";
		};
/* End PBXVariantGroup section */

/* Begin XCBuildConfiguration section */
		EA57DB5E1F61EFAA00F390E3 /* Debug */ = {
			isa = XCBuildConfiguration;
			buildSettings = {
				ALWAYS_SEARCH_USER_PATHS = NO;
				CLANG_ANALYZER_NONNULL = YES;
				CLANG_CXX_LANGUAGE_STANDARD = "gnu++0x";
				CLANG_CXX_LIBRARY = "libc++";
				CLANG_ENABLE_MODULES = YES;
				CLANG_ENABLE_OBJC_ARC = YES;
				CLANG_WARN_BOOL_CONVERSION = YES;
				CLANG_WARN_CONSTANT_CONVERSION = YES;
				CLANG_WARN_DIRECT_OBJC_ISA_USAGE = YES_ERROR;
				CLANG_WARN_DOCUMENTATION_COMMENTS = YES;
				CLANG_WARN_EMPTY_BODY = YES;
				CLANG_WARN_ENUM_CONVERSION = YES;
				CLANG_WARN_INFINITE_RECURSION = YES;
				CLANG_WARN_INT_CONVERSION = YES;
				CLANG_WARN_OBJC_ROOT_CLASS = YES_ERROR;
				CLANG_WARN_SUSPICIOUS_MOVE = YES;
				CLANG_WARN_UNREACHABLE_CODE = YES;
				CLANG_WARN__DUPLICATE_METHOD_MATCH = YES;
				"CODE_SIGN_IDENTITY[sdk=iphoneos*]" = "iPhone Developer";
				COPY_PHASE_STRIP = NO;
				DEBUG_INFORMATION_FORMAT = dwarf;
				ENABLE_STRICT_OBJC_MSGSEND = YES;
				ENABLE_TESTABILITY = YES;
				GCC_C_LANGUAGE_STANDARD = gnu99;
				GCC_DYNAMIC_NO_PIC = NO;
				GCC_NO_COMMON_BLOCKS = YES;
				GCC_OPTIMIZATION_LEVEL = 0;
				GCC_PREPROCESSOR_DEFINITIONS = (
					"DEBUG=1",
					"$(inherited)",
				);
				GCC_WARN_64_TO_32_BIT_CONVERSION = YES;
				GCC_WARN_ABOUT_RETURN_TYPE = YES_ERROR;
				GCC_WARN_UNDECLARED_SELECTOR = YES;
				GCC_WARN_UNINITIALIZED_AUTOS = YES_AGGRESSIVE;
				GCC_WARN_UNUSED_FUNCTION = YES;
				GCC_WARN_UNUSED_VARIABLE = YES;
				IPHONEOS_DEPLOYMENT_TARGET = 10.2;
				MTL_ENABLE_DEBUG_INFO = YES;
				ONLY_ACTIVE_ARCH = YES;
				SDKROOT = iphoneos;
				SWIFT_ACTIVE_COMPILATION_CONDITIONS = DEBUG;
				SWIFT_OPTIMIZATION_LEVEL = "-Onone";
			};
			name = Debug;
		};
		EA57DB5F1F61EFAA00F390E3 /* Release */ = {
			isa = XCBuildConfiguration;
			buildSettings = {
				ALWAYS_SEARCH_USER_PATHS = NO;
				CLANG_ANALYZER_NONNULL = YES;
				CLANG_CXX_LANGUAGE_STANDARD = "gnu++0x";
				CLANG_CXX_LIBRARY = "libc++";
				CLANG_ENABLE_MODULES = YES;
				CLANG_ENABLE_OBJC_ARC = YES;
				CLANG_WARN_BOOL_CONVERSION = YES;
				CLANG_WARN_CONSTANT_CONVERSION = YES;
				CLANG_WARN_DIRECT_OBJC_ISA_USAGE = YES_ERROR;
				CLANG_WARN_DOCUMENTATION_COMMENTS = YES;
				CLANG_WARN_EMPTY_BODY = YES;
				CLANG_WARN_ENUM_CONVERSION = YES;
				CLANG_WARN_INFINITE_RECURSION = YES;
				CLANG_WARN_INT_CONVERSION = YES;
				CLANG_WARN_OBJC_ROOT_CLASS = YES_ERROR;
				CLANG_WARN_SUSPICIOUS_MOVE = YES;
				CLANG_WARN_UNREACHABLE_CODE = YES;
				CLANG_WARN__DUPLICATE_METHOD_MATCH = YES;
				"CODE_SIGN_IDENTITY[sdk=iphoneos*]" = "iPhone Developer";
				COPY_PHASE_STRIP = NO;
				DEBUG_INFORMATION_FORMAT = "dwarf-with-dsym";
				ENABLE_NS_ASSERTIONS = NO;
				ENABLE_STRICT_OBJC_MSGSEND = YES;
				GCC_C_LANGUAGE_STANDARD = gnu99;
				GCC_NO_COMMON_BLOCKS = YES;
				GCC_WARN_64_TO_32_BIT_CONVERSION = YES;
				GCC_WARN_ABOUT_RETURN_TYPE = YES_ERROR;
				GCC_WARN_UNDECLARED_SELECTOR = YES;
				GCC_WARN_UNINITIALIZED_AUTOS = YES_AGGRESSIVE;
				GCC_WARN_UNUSED_FUNCTION = YES;
				GCC_WARN_UNUSED_VARIABLE = YES;
				IPHONEOS_DEPLOYMENT_TARGET = 10.2;
				MTL_ENABLE_DEBUG_INFO = NO;
				SDKROOT = iphoneos;
				SWIFT_OPTIMIZATION_LEVEL = "-Owholemodule";
				VALIDATE_PRODUCT = YES;
			};
			name = Release;
		};
		EA57DB611F61EFAA00F390E3 /* Debug */ = {
			isa = XCBuildConfiguration;
			baseConfigurationReference = DAC832FDA4AA48308455B064 /* Pods-Roxa.debug.xcconfig */;
			buildSettings = {
				ASSETCATALOG_COMPILER_APPICON_NAME = AppIcon;
				DEVELOPMENT_TEAM = 45J9WDN6PB;
				INFOPLIST_FILE = Roxa/Info.plist;
				IPHONEOS_DEPLOYMENT_TARGET = 11.0;
				LD_RUNPATH_SEARCH_PATHS = "$(inherited) @executable_path/Frameworks";
				PRODUCT_BUNDLE_IDENTIFIER = VFS.Roxa;
				PRODUCT_NAME = "$(TARGET_NAME)";
				SWIFT_VERSION = 3.0;
			};
			name = Debug;
		};
		EA57DB621F61EFAA00F390E3 /* Release */ = {
			isa = XCBuildConfiguration;
			baseConfigurationReference = 6624D2E042B147D8F358917A /* Pods-Roxa.release.xcconfig */;
			buildSettings = {
				ASSETCATALOG_COMPILER_APPICON_NAME = AppIcon;
				DEVELOPMENT_TEAM = 45J9WDN6PB;
				INFOPLIST_FILE = Roxa/Info.plist;
				IPHONEOS_DEPLOYMENT_TARGET = 11.0;
				LD_RUNPATH_SEARCH_PATHS = "$(inherited) @executable_path/Frameworks";
				PRODUCT_BUNDLE_IDENTIFIER = VFS.Roxa;
				PRODUCT_NAME = "$(TARGET_NAME)";
				SWIFT_VERSION = 3.0;
			};
			name = Release;
		};
		EA57DB641F61EFAA00F390E3 /* Debug */ = {
			isa = XCBuildConfiguration;
			baseConfigurationReference = 1C5CB3026E3BE436B1F96275 /* Pods-RoxaTests.debug.xcconfig */;
			buildSettings = {
				ALWAYS_EMBED_SWIFT_STANDARD_LIBRARIES = YES;
				BUNDLE_LOADER = "$(TEST_HOST)";
				DEVELOPMENT_TEAM = 45J9WDN6PB;
				INFOPLIST_FILE = RoxaTests/Info.plist;
				LD_RUNPATH_SEARCH_PATHS = "$(inherited) @executable_path/Frameworks @loader_path/Frameworks";
				PRODUCT_BUNDLE_IDENTIFIER = VFS.RoxaTests;
				PRODUCT_NAME = "$(TARGET_NAME)";
				SWIFT_VERSION = 3.0;
				TEST_HOST = "$(BUILT_PRODUCTS_DIR)/Roxa.app/Roxa";
			};
			name = Debug;
		};
		EA57DB651F61EFAA00F390E3 /* Release */ = {
			isa = XCBuildConfiguration;
			baseConfigurationReference = A7A41DE4B0117360D9CAE683 /* Pods-RoxaTests.release.xcconfig */;
			buildSettings = {
				ALWAYS_EMBED_SWIFT_STANDARD_LIBRARIES = YES;
				BUNDLE_LOADER = "$(TEST_HOST)";
				DEVELOPMENT_TEAM = 45J9WDN6PB;
				INFOPLIST_FILE = RoxaTests/Info.plist;
				LD_RUNPATH_SEARCH_PATHS = "$(inherited) @executable_path/Frameworks @loader_path/Frameworks";
				PRODUCT_BUNDLE_IDENTIFIER = VFS.RoxaTests;
				PRODUCT_NAME = "$(TARGET_NAME)";
				SWIFT_VERSION = 3.0;
				TEST_HOST = "$(BUILT_PRODUCTS_DIR)/Roxa.app/Roxa";
			};
			name = Release;
		};
		EA57DB671F61EFAA00F390E3 /* Debug */ = {
			isa = XCBuildConfiguration;
			baseConfigurationReference = 12029604676CFD49F439044E /* Pods-RoxaUITests.debug.xcconfig */;
			buildSettings = {
				ALWAYS_EMBED_SWIFT_STANDARD_LIBRARIES = YES;
				DEVELOPMENT_TEAM = 45J9WDN6PB;
				INFOPLIST_FILE = RoxaUITests/Info.plist;
				LD_RUNPATH_SEARCH_PATHS = "$(inherited) @executable_path/Frameworks @loader_path/Frameworks";
				PRODUCT_BUNDLE_IDENTIFIER = VFS.RoxaUITests;
				PRODUCT_NAME = "$(TARGET_NAME)";
				SWIFT_VERSION = 3.0;
				TEST_TARGET_NAME = Roxa;
			};
			name = Debug;
		};
		EA57DB681F61EFAA00F390E3 /* Release */ = {
			isa = XCBuildConfiguration;
			baseConfigurationReference = C02E0FBB103E85F27BDF4110 /* Pods-RoxaUITests.release.xcconfig */;
			buildSettings = {
				ALWAYS_EMBED_SWIFT_STANDARD_LIBRARIES = YES;
				DEVELOPMENT_TEAM = 45J9WDN6PB;
				INFOPLIST_FILE = RoxaUITests/Info.plist;
				LD_RUNPATH_SEARCH_PATHS = "$(inherited) @executable_path/Frameworks @loader_path/Frameworks";
				PRODUCT_BUNDLE_IDENTIFIER = VFS.RoxaUITests;
				PRODUCT_NAME = "$(TARGET_NAME)";
				SWIFT_VERSION = 3.0;
				TEST_TARGET_NAME = Roxa;
			};
			name = Release;
		};
/* End XCBuildConfiguration section */

/* Begin XCConfigurationList section */
		EA57DB331F61EFAA00F390E3 /* Build configuration list for PBXProject "Roxa" */ = {
			isa = XCConfigurationList;
			buildConfigurations = (
				EA57DB5E1F61EFAA00F390E3 /* Debug */,
				EA57DB5F1F61EFAA00F390E3 /* Release */,
			);
			defaultConfigurationIsVisible = 0;
			defaultConfigurationName = Release;
		};
		EA57DB601F61EFAA00F390E3 /* Build configuration list for PBXNativeTarget "Roxa" */ = {
			isa = XCConfigurationList;
			buildConfigurations = (
				EA57DB611F61EFAA00F390E3 /* Debug */,
				EA57DB621F61EFAA00F390E3 /* Release */,
			);
			defaultConfigurationIsVisible = 0;
			defaultConfigurationName = Release;
		};
		EA57DB631F61EFAA00F390E3 /* Build configuration list for PBXNativeTarget "RoxaTests" */ = {
			isa = XCConfigurationList;
			buildConfigurations = (
				EA57DB641F61EFAA00F390E3 /* Debug */,
				EA57DB651F61EFAA00F390E3 /* Release */,
			);
			defaultConfigurationIsVisible = 0;
			defaultConfigurationName = Release;
		};
		EA57DB661F61EFAA00F390E3 /* Build configuration list for PBXNativeTarget "RoxaUITests" */ = {
			isa = XCConfigurationList;
			buildConfigurations = (
				EA57DB671F61EFAA00F390E3 /* Debug */,
				EA57DB681F61EFAA00F390E3 /* Release */,
			);
			defaultConfigurationIsVisible = 0;
			defaultConfigurationName = Release;
		};
/* End XCConfigurationList section */
	};
	rootObject = EA57DB301F61EFAA00F390E3 /* Project object */;
}
